
Microsoft Visual Studio Solution File, Format Version 12.00
# Visual Studio Version 16
VisualStudioVersion = 16.0.30413.136
MinimumVisualStudioVersion = 10.0.40219.1
Project("{8BC9CEB8-8B4A-11D0-8D11-00A0C91BC942}") = "Projet - Exercice 1", "Projet - Exercice 1\Projet - Exercice 1.vcxproj", "{82AE43D2-08F7-4FD6-9A07-3491E45B0DA1}"
EndProject
Project("{8BC9CEB8-8B4A-11D0-8D11-00A0C91BC942}") = "Projet - Exercice 2", "Projet - Exercice 2\Projet - Exercice 2.vcxproj", "{05B09CD5-8F5E-4F0D-A72B-821FA514B80C}"
EndProject
Global
	GlobalSection(SolutionConfigurationPlatforms) = preSolution
		Debug|x64 = Debug|x64
		Debug|x86 = Debug|x86
		Release|x64 = Release|x64
		Release|x86 = Release|x86
	EndGlobalSection
	GlobalSection(ProjectConfigurationPlatforms) = postSolution
		{82AE43D2-08F7-4FD6-9A07-3491E45B0DA1}.Debug|x64.ActiveCfg = Debug|x64
		{82AE43D2-08F7-4FD6-9A07-3491E45B0DA1}.Debug|x64.Build.0 = Debug|x64
		{82AE43D2-08F7-4FD6-9A07-3491E45B0DA1}.Debug|x86.ActiveCfg = Debug|Win32
		{82AE43D2-08F7-4FD6-9A07-3491E45B0DA1}.Debug|x86.Build.0 = Debug|Win32
		{82AE43D2-08F7-4FD6-9A07-3491E45B0DA1}.Release|x64.ActiveCfg = Release|x64
		{82AE43D2-08F7-4FD6-9A07-3491E45B0DA1}.Release|x64.Build.0 = Release|x64
		{82AE43D2-08F7-4FD6-9A07-3491E45B0DA1}.Release|x86.ActiveCfg = Release|Win32
		{82AE43D2-08F7-4FD6-9A07-3491E45B0DA1}.Release|x86.Build.0 = Release|Win32
		{05B09CD5-8F5E-4F0D-A72B-821FA514B80C}.Debug|x64.ActiveCfg = Debug|x64
		{05B09CD5-8F5E-4F0D-A72B-821FA514B80C}.Debug|x64.Build.0 = Debug|x64
		{05B09CD5-8F5E-4F0D-A72B-821FA514B80C}.Debug|x86.ActiveCfg = Debug|Win32
		{05B09CD5-8F5E-4F0D-A72B-821FA514B80C}.Debug|x86.Build.0 = Debug|Win32
		{05B09CD5-8F5E-4F0D-A72B-821FA514B80C}.Release|x64.ActiveCfg = Release|x64
		{05B09CD5-8F5E-4F0D-A72B-821FA514B80C}.Release|x64.Build.0 = Release|x64
		{05B09CD5-8F5E-4F0D-A72B-821FA514B80C}.Release|x86.ActiveCfg = Release|Win32
		{05B09CD5-8F5E-4F0D-A72B-821FA514B80C}.Release|x86.Build.0 = Release|Win32
	EndGlobalSection
	GlobalSection(SolutionProperties) = preSolution
		HideSolutionNode = FALSE
	EndGlobalSection
	GlobalSection(ExtensibilityGlobals) = postSolution
		SolutionGuid = {79294B03-D1E9-469D-A270-EC1A3A5CA651}
	EndGlobalSection
EndGlobal
